
Microsoft Visual Studio Solution File, Format Version 12.00
# Visual Studio Version 17
VisualStudioVersion = 17.13.35931.197 d17.13
MinimumVisualStudioVersion = 10.0.40219.1
Project("{9A19103F-16F7-4668-BE54-9A1E7A4F7556}") = "ProxyGen", "SRC\ProxyGen.csproj", "{BFEF5090-4419-4972-9773-E39B79C8D10E}"
EndProject
Project("{9A19103F-16F7-4668-BE54-9A1E7A4F7556}") = "ProxyGen.Tests", "TEST\ProxyGen.Tests\ProxyGen.Tests.csproj", "{8BEA3918-352E-43C2-8C65-70C1A5D7F2BB}"
EndProject
Project("{9A19103F-16F7-4668-BE54-9A1E7A4F7556}") = "ProxyGen.Perf", "PERF\ProxyGen.Perf.csproj", "{4B927F1C-260E-4725-94C4-296F1CC6B29B}"
EndProject
Project("{9A19103F-16F7-4668-BE54-9A1E7A4F7556}") = "ProxyGen.Tests.EmbeddedTypes", "TEST\ProxyGen.Tests.EmbeddedTypes\ProxyGen.Tests.EmbeddedTypes.csproj", "{5029D512-C599-4C97-B744-E769E9A28C5E}"
EndProject
Global
	GlobalSection(SolutionConfigurationPlatforms) = preSolution
		Debug|Any CPU = Debug|Any CPU
		Perf|Any CPU = Perf|Any CPU
		Release|Any CPU = Release|Any CPU
	EndGlobalSection
	GlobalSection(ProjectConfigurationPlatforms) = postSolution
		{BFEF5090-4419-4972-9773-E39B79C8D10E}.Debug|Any CPU.ActiveCfg = Debug|Any CPU
		{BFEF5090-4419-4972-9773-E39B79C8D10E}.Debug|Any CPU.Build.0 = Debug|Any CPU
		{BFEF5090-4419-4972-9773-E39B79C8D10E}.Perf|Any CPU.ActiveCfg = Release|Any CPU
		{BFEF5090-4419-4972-9773-E39B79C8D10E}.Perf|Any CPU.Build.0 = Release|Any CPU
		{BFEF5090-4419-4972-9773-E39B79C8D10E}.Release|Any CPU.ActiveCfg = Release|Any CPU
		{BFEF5090-4419-4972-9773-E39B79C8D10E}.Release|Any CPU.Build.0 = Release|Any CPU
		{8BEA3918-352E-43C2-8C65-70C1A5D7F2BB}.Debug|Any CPU.ActiveCfg = Debug|Any CPU
		{8BEA3918-352E-43C2-8C65-70C1A5D7F2BB}.Debug|Any CPU.Build.0 = Debug|Any CPU
		{8BEA3918-352E-43C2-8C65-70C1A5D7F2BB}.Perf|Any CPU.ActiveCfg = Debug|Any CPU
		{8BEA3918-352E-43C2-8C65-70C1A5D7F2BB}.Release|Any CPU.ActiveCfg = Debug|Any CPU
		{4B927F1C-260E-4725-94C4-296F1CC6B29B}.Debug|Any CPU.ActiveCfg = Debug|Any CPU
		{4B927F1C-260E-4725-94C4-296F1CC6B29B}.Debug|Any CPU.Build.0 = Debug|Any CPU
		{4B927F1C-260E-4725-94C4-296F1CC6B29B}.Perf|Any CPU.ActiveCfg = Release|Any CPU
		{4B927F1C-260E-4725-94C4-296F1CC6B29B}.Perf|Any CPU.Build.0 = Release|Any CPU
		{4B927F1C-260E-4725-94C4-296F1CC6B29B}.Release|Any CPU.ActiveCfg = Debug|Any CPU
		{5029D512-C599-4C97-B744-E769E9A28C5E}.Debug|Any CPU.ActiveCfg = Debug|Any CPU
		{5029D512-C599-4C97-B744-E769E9A28C5E}.Debug|Any CPU.Build.0 = Debug|Any CPU
		{5029D512-C599-4C97-B744-E769E9A28C5E}.Perf|Any CPU.ActiveCfg = Debug|Any CPU
		{5029D512-C599-4C97-B744-E769E9A28C5E}.Release|Any CPU.ActiveCfg = Debug|Any CPU
	EndGlobalSection
	GlobalSection(SolutionProperties) = preSolution
		HideSolutionNode = FALSE
	EndGlobalSection
	GlobalSection(ExtensibilityGlobals) = postSolution
		SolutionGuid = {7540E3E4-63A1-4431-ADF6-597FB6330DBE}
	EndGlobalSection
EndGlobal
